
Microsoft Visual Studio Solution File, Format Version 12.00
# Visual Studio Version 17
VisualStudioVersion = 17.7.34031.279
MinimumVisualStudioVersion = 10.0.40219.1
Project("{9A19103F-16F7-4668-BE54-9A1E7A4F7556}") = "UiPath.SAI", "UiPath.SAI\UiPath.SAI.csproj", "{58FA1616-3222-4BBA-8492-42C140888A77}"
EndProject
Project("{9A19103F-16F7-4668-BE54-9A1E7A4F7556}") = "UiPath.SAI.Activities", "UiPath.SAI.Activities\UiPath.SAI.Activities.csproj", "{C1E7DEFE-4F61-4512-8856-C21896CC9099}"
EndProject
Global
	GlobalSection(SolutionConfigurationPlatforms) = preSolution
		Debug|Any CPU = Debug|Any CPU
		Release|Any CPU = Release|Any CPU
	EndGlobalSection
	GlobalSection(ProjectConfigurationPlatforms) = postSolution
		{58FA1616-3222-4BBA-8492-42C140888A77}.Debug|Any CPU.ActiveCfg = Debug|Any CPU
		{58FA1616-3222-4BBA-8492-42C140888A77}.Debug|Any CPU.Build.0 = Debug|Any CPU
		{58FA1616-3222-4BBA-8492-42C140888A77}.Release|Any CPU.ActiveCfg = Release|Any CPU
		{58FA1616-3222-4BBA-8492-42C140888A77}.Release|Any CPU.Build.0 = Release|Any CPU
		{C1E7DEFE-4F61-4512-8856-C21896CC9099}.Debug|Any CPU.ActiveCfg = Debug|Any CPU
		{C1E7DEFE-4F61-4512-8856-C21896CC9099}.Debug|Any CPU.Build.0 = Debug|Any CPU
		{C1E7DEFE-4F61-4512-8856-C21896CC9099}.Release|Any CPU.ActiveCfg = Release|Any CPU
		{C1E7DEFE-4F61-4512-8856-C21896CC9099}.Release|Any CPU.Build.0 = Release|Any CPU
	EndGlobalSection
	GlobalSection(SolutionProperties) = preSolution
		HideSolutionNode = FALSE
	EndGlobalSection
	GlobalSection(ExtensibilityGlobals) = postSolution
		SolutionGuid = {A4B58D44-3A4C-4719-A1D9-98C757DB3290}
	EndGlobalSection
	GlobalSection(SharedMSBuildProjectFiles) = preSolution
		Shared\UiPath.Shared.Activities\UiPath.Shared.Activities.projitems*{c1e7defe-4f61-4512-8856-c21896cc9099}*SharedItemsImports = 5
	EndGlobalSection
EndGlobal
